// !$*UTF8*$!
{
	archiveVersion = 1;
	classes = {
	};
	objectVersion = 50;
	objects = {

/* Begin PBXBuildFile section */
		23E5C3982420DB8000253A50 /* AppDelegate.swift in Sources */ = {isa = PBXBuildFile; fileRef = 23E5C3972420DB8000253A50 /* AppDelegate.swift */; };
		23E5C39A2420DB8000253A50 /* SceneDelegate.swift in Sources */ = {isa = PBXBuildFile; fileRef = 23E5C3992420DB8000253A50 /* SceneDelegate.swift */; };
		23E5C39C2420DB8000253A50 /* ContentView.swift in Sources */ = {isa = PBXBuildFile; fileRef = 23E5C39B2420DB8000253A50 /* ContentView.swift */; };
		23E5C39E2420DB8B00253A50 /* Assets.xcassets in Resources */ = {isa = PBXBuildFile; fileRef = 23E5C39D2420DB8B00253A50 /* Assets.xcassets */; };
		23E5C3A12420DB8B00253A50 /* Preview Assets.xcassets in Resources */ = {isa = PBXBuildFile; fileRef = 23E5C3A02420DB8B00253A50 /* Preview Assets.xcassets */; };
		23E5C3A42420DB8B00253A50 /* LaunchScreen.storyboard in Resources */ = {isa = PBXBuildFile; fileRef = 23E5C3A22420DB8B00253A50 /* LaunchScreen.storyboard */; };
		23E5C3AF2420DB8B00253A50 /* SwiftUIFormsTests.swift in Sources */ = {isa = PBXBuildFile; fileRef = 23E5C3AE2420DB8B00253A50 /* SwiftUIFormsTests.swift */; };
		23E5C3BA2420DB8B00253A50 /* SwiftUIFormsUITests.swift in Sources */ = {isa = PBXBuildFile; fileRef = 23E5C3B92420DB8B00253A50 /* SwiftUIFormsUITests.swift */; };
		23E5C3C82420DDAF00253A50 /* BasicForm.swift in Sources */ = {isa = PBXBuildFile; fileRef = 23E5C3C72420DDAF00253A50 /* BasicForm.swift */; };
		23E5C3CA2420E44600253A50 /* SectionInForms.swift in Sources */ = {isa = PBXBuildFile; fileRef = 23E5C3C92420E44600253A50 /* SectionInForms.swift */; };
		23EB20212421BCCD006288C0 /* PickersInFormView.swift in Sources */ = {isa = PBXBuildFile; fileRef = 23EB20202421BCCD006288C0 /* PickersInFormView.swift */; };
		23EB20232421BF3C006288C0 /* EnablingAndDisablingInFormView.swift in Sources */ = {isa = PBXBuildFile; fileRef = 23EB20222421BF3C006288C0 /* EnablingAndDisablingInFormView.swift */; };
/* End PBXBuildFile section */

/* Begin PBXContainerItemProxy section */
		23E5C3AB2420DB8B00253A50 /* PBXContainerItemProxy */ = {
			isa = PBXContainerItemProxy;
			containerPortal = 23E5C38C2420DB8000253A50 /* Project object */;
			proxyType = 1;
			remoteGlobalIDString = 23E5C3932420DB8000253A50;
			remoteInfo = SwiftUIForms;
		};
		23E5C3B62420DB8B00253A50 /* PBXContainerItemProxy */ = {
			isa = PBXContainerItemProxy;
			containerPortal = 23E5C38C2420DB8000253A50 /* Project object */;
			proxyType = 1;
			remoteGlobalIDString = 23E5C3932420DB8000253A50;
			remoteInfo = SwiftUIForms;
		};
/* End PBXContainerItemProxy section */

/* Begin PBXFileReference section */
		23E5C3942420DB8000253A50 /* SwiftUIForms.app */ = {isa = PBXFileReference; explicitFileType = wrapper.application; includeInIndex = 0; path = SwiftUIForms.app; sourceTree = BUILT_PRODUCTS_DIR; };
		23E5C3972420DB8000253A50 /* AppDelegate.swift */ = {isa = PBXFileReference; lastKnownFileType = sourcecode.swift; path = AppDelegate.swift; sourceTree = "<group>"; };
		23E5C3992420DB8000253A50 /* SceneDelegate.swift */ = {isa = PBXFileReference; lastKnownFileType = sourcecode.swift; path = SceneDelegate.swift; sourceTree = "<group>"; };
		23E5C39B2420DB8000253A50 /* ContentView.swift */ = {isa = PBXFileReference; lastKnownFileType = sourcecode.swift; path = ContentView.swift; sourceTree = "<group>"; };
		23E5C39D2420DB8B00253A50 /* Assets.xcassets */ = {isa = PBXFileReference; lastKnownFileType = folder.assetcatalog; path = Assets.xcassets; sourceTree = "<group>"; };
		23E5C3A02420DB8B00253A50 /* Preview Assets.xcassets */ = {isa = PBXFileReference; lastKnownFileType = folder.assetcatalog; path = "Preview Assets.xcassets"; sourceTree = "<group>"; };
		23E5C3A32420DB8B00253A50 /* Base */ = {isa = PBXFileReference; lastKnownFileType = file.storyboard; name = Base; path = Base.lproj/LaunchScreen.storyboard; sourceTree = "<group>"; };
		23E5C3A52420DB8B00253A50 /* Info.plist */ = {isa = PBXFileReference; lastKnownFileType = text.plist.xml; path = Info.plist; sourceTree = "<group>"; };
		23E5C3AA2420DB8B00253A50 /* SwiftUIFormsTests.xctest */ = {isa = PBXFileReference; explicitFileType = wrapper.cfbundle; includeInIndex = 0; path = SwiftUIFormsTests.xctest; sourceTree = BUILT_PRODUCTS_DIR; };
		23E5C3AE2420DB8B00253A50 /* SwiftUIFormsTests.swift */ = {isa = PBXFileReference; lastKnownFileType = sourcecode.swift; path = SwiftUIFormsTests.swift; sourceTree = "<group>"; };
		23E5C3B02420DB8B00253A50 /* Info.plist */ = {isa = PBXFileReference; lastKnownFileType = text.plist.xml; path = Info.plist; sourceTree = "<group>"; };
		23E5C3B52420DB8B00253A50 /* SwiftUIFormsUITests.xctest */ = {isa = PBXFileReference; explicitFileType = wrapper.cfbundle; includeInIndex = 0; path = SwiftUIFormsUITests.xctest; sourceTree = BUILT_PRODUCTS_DIR; };
		23E5C3B92420DB8B00253A50 /* SwiftUIFormsUITests.swift */ = {isa = PBXFileReference; lastKnownFileType = sourcecode.swift; path = SwiftUIFormsUITests.swift; sourceTree = "<group>"; };
		23E5C3BB2420DB8B00253A50 /* Info.plist */ = {isa = PBXFileReference; lastKnownFileType = text.plist.xml; path = Info.plist; sourceTree = "<group>"; };
		23E5C3C72420DDAF00253A50 /* BasicForm.swift */ = {isa = PBXFileReference; lastKnownFileType = sourcecode.swift; path = BasicForm.swift; sourceTree = "<group>"; };
		23E5C3C92420E44600253A50 /* SectionInForms.swift */ = {isa = PBXFileReference; lastKnownFileType = sourcecode.swift; path = SectionInForms.swift; sourceTree = "<group>"; };
		23EB20202421BCCD006288C0 /* PickersInFormView.swift */ = {isa = PBXFileReference; lastKnownFileType = sourcecode.swift; path = PickersInFormView.swift; sourceTree = "<group>"; };
		23EB20222421BF3C006288C0 /* EnablingAndDisablingInFormView.swift */ = {isa = PBXFileReference; lastKnownFileType = sourcecode.swift; path = EnablingAndDisablingInFormView.swift; sourceTree = "<group>"; };
/* End PBXFileReference section */

/* Begin PBXFrameworksBuildPhase section */
		23E5C3912420DB8000253A50 /* Frameworks */ = {
			isa = PBXFrameworksBuildPhase;
			buildActionMask = 2147483647;
			files = (
			);
			runOnlyForDeploymentPostprocessing = 0;
		};
		23E5C3A72420DB8B00253A50 /* Frameworks */ = {
			isa = PBXFrameworksBuildPhase;
			buildActionMask = 2147483647;
			files = (
			);
			runOnlyForDeploymentPostprocessing = 0;
		};
		23E5C3B22420DB8B00253A50 /* Frameworks */ = {
			isa = PBXFrameworksBuildPhase;
			buildActionMask = 2147483647;
			files = (
			);
			runOnlyForDeploymentPostprocessing = 0;
		};
/* End PBXFrameworksBuildPhase section */

/* Begin PBXGroup section */
		23E5C38B2420DB8000253A50 = {
			isa = PBXGroup;
			children = (
				23E5C3962420DB8000253A50 /* SwiftUIForms */,
				23E5C3AD2420DB8B00253A50 /* SwiftUIFormsTests */,
				23E5C3B82420DB8B00253A50 /* SwiftUIFormsUITests */,
				23E5C3952420DB8000253A50 /* Products */,
			);
			sourceTree = "<group>";
		};
		23E5C3952420DB8000253A50 /* Products */ = {
			isa = PBXGroup;
			children = (
				23E5C3942420DB8000253A50 /* SwiftUIForms.app */,
				23E5C3AA2420DB8B00253A50 /* SwiftUIFormsTests.xctest */,
				23E5C3B52420DB8B00253A50 /* SwiftUIFormsUITests.xctest */,
			);
			name = Products;
			sourceTree = "<group>";
		};
		23E5C3962420DB8000253A50 /* SwiftUIForms */ = {
			isa = PBXGroup;
			children = (
				23E5C3972420DB8000253A50 /* AppDelegate.swift */,
				23E5C3992420DB8000253A50 /* SceneDelegate.swift */,
				23E5C39B2420DB8000253A50 /* ContentView.swift */,
				23E5C39D2420DB8B00253A50 /* Assets.xcassets */,
				23E5C3A22420DB8B00253A50 /* LaunchScreen.storyboard */,
				23E5C3A52420DB8B00253A50 /* Info.plist */,
				23E5C39F2420DB8B00253A50 /* Preview Content */,
				23E5C3C72420DDAF00253A50 /* BasicForm.swift */,
				23E5C3C92420E44600253A50 /* SectionInForms.swift */,
				23EB20202421BCCD006288C0 /* PickersInFormView.swift */,
				23EB20222421BF3C006288C0 /* EnablingAndDisablingInFormView.swift */,
			);
			path = SwiftUIForms;
			sourceTree = "<group>";
		};
		23E5C39F2420DB8B00253A50 /* Preview Content */ = {
			isa = PBXGroup;
			children = (
				23E5C3A02420DB8B00253A50 /* Preview Assets.xcassets */,
			);
			path = "Preview Content";
			sourceTree = "<group>";
		};
		23E5C3AD2420DB8B00253A50 /* SwiftUIFormsTests */ = {
			isa = PBXGroup;
			children = (
				23E5C3AE2420DB8B00253A50 /* SwiftUIFormsTests.swift */,
				23E5C3B02420DB8B00253A50 /* Info.plist */,
			);
			path = SwiftUIFormsTests;
			sourceTree = "<group>";
		};
		23E5C3B82420DB8B00253A50 /* SwiftUIFormsUITests */ = {
			isa = PBXGroup;
			children = (
				23E5C3B92420DB8B00253A50 /* SwiftUIFormsUITests.swift */,
				23E5C3BB2420DB8B00253A50 /* Info.plist */,
			);
			path = SwiftUIFormsUITests;
			sourceTree = "<group>";
		};
/* End PBXGroup section */

/* Begin PBXNativeTarget section */
		23E5C3932420DB8000253A50 /* SwiftUIForms */ = {
			isa = PBXNativeTarget;
			buildConfigurationList = 23E5C3BE2420DB8B00253A50 /* Build configuration list for PBXNativeTarget "SwiftUIForms" */;
			buildPhases = (
				23E5C3902420DB8000253A50 /* Sources */,
				23E5C3912420DB8000253A50 /* Frameworks */,
				23E5C3922420DB8000253A50 /* Resources */,
			);
			buildRules = (
			);
			dependencies = (
			);
			name = SwiftUIForms;
			productName = SwiftUIForms;
			productReference = 23E5C3942420DB8000253A50 /* SwiftUIForms.app */;
			productType = "com.apple.product-type.application";
		};
		23E5C3A92420DB8B00253A50 /* SwiftUIFormsTests */ = {
			isa = PBXNativeTarget;
			buildConfigurationList = 23E5C3C12420DB8B00253A50 /* Build configuration list for PBXNativeTarget "SwiftUIFormsTests" */;
			buildPhases = (
				23E5C3A62420DB8B00253A50 /* Sources */,
				23E5C3A72420DB8B00253A50 /* Frameworks */,
				23E5C3A82420DB8B00253A50 /* Resources */,
			);
			buildRules = (
			);
			dependencies = (
				23E5C3AC2420DB8B00253A50 /* PBXTargetDependency */,
			);
			name = SwiftUIFormsTests;
			productName = SwiftUIFormsTests;
			productReference = 23E5C3AA2420DB8B00253A50 /* SwiftUIFormsTests.xctest */;
			productType = "com.apple.product-type.bundle.unit-test";
		};
		23E5C3B42420DB8B00253A50 /* SwiftUIFormsUITests */ = {
			isa = PBXNativeTarget;
			buildConfigurationList = 23E5C3C42420DB8B00253A50 /* Build configuration list for PBXNativeTarget "SwiftUIFormsUITests" */;
			buildPhases = (
				23E5C3B12420DB8B00253A50 /* Sources */,
				23E5C3B22420DB8B00253A50 /* Frameworks */,
				23E5C3B32420DB8B00253A50 /* Resources */,
			);
			buildRules = (
			);
			dependencies = (
				23E5C3B72420DB8B00253A50 /* PBXTargetDependency */,
			);
			name = SwiftUIFormsUITests;
			productName = SwiftUIFormsUITests;
			productReference = 23E5C3B52420DB8B00253A50 /* SwiftUIFormsUITests.xctest */;
			productType = "com.apple.product-type.bundle.ui-testing";
		};
/* End PBXNativeTarget section */

/* Begin PBXProject section */
		23E5C38C2420DB8000253A50 /* Project object */ = {
			isa = PBXProject;
			attributes = {
				LastSwiftUpdateCheck = 1100;
				LastUpgradeCheck = 1100;
				ORGANIZATIONNAME = "Naw Su Su Nyein";
				TargetAttributes = {
					23E5C3932420DB8000253A50 = {
						CreatedOnToolsVersion = 11.0;
					};
					23E5C3A92420DB8B00253A50 = {
						CreatedOnToolsVersion = 11.0;
						TestTargetID = 23E5C3932420DB8000253A50;
					};
					23E5C3B42420DB8B00253A50 = {
						CreatedOnToolsVersion = 11.0;
						TestTargetID = 23E5C3932420DB8000253A50;
					};
				};
			};
			buildConfigurationList = 23E5C38F2420DB8000253A50 /* Build configuration list for PBXProject "SwiftUIForms" */;
			compatibilityVersion = "Xcode 9.3";
			developmentRegion = en;
			hasScannedForEncodings = 0;
			knownRegions = (
				en,
				Base,
			);
			mainGroup = 23E5C38B2420DB8000253A50;
			productRefGroup = 23E5C3952420DB8000253A50 /* Products */;
			projectDirPath = "";
			projectRoot = "";
			targets = (
				23E5C3932420DB8000253A50 /* SwiftUIForms */,
				23E5C3A92420DB8B00253A50 /* SwiftUIFormsTests */,
				23E5C3B42420DB8B00253A50 /* SwiftUIFormsUITests */,
			);
		};
/* End PBXProject section */

/* Begin PBXResourcesBuildPhase section */
		23E5C3922420DB8000253A50 /* Resources */ = {
			isa = PBXResourcesBuildPhase;
			buildActionMask = 2147483647;
			files = (
				23E5C3A42420DB8B00253A50 /* LaunchScreen.storyboard in Resources */,
				23E5C3A12420DB8B00253A50 /* Preview Assets.xcassets in Resources */,
				23E5C39E2420DB8B00253A50 /* Assets.xcassets in Resources */,
			);
			runOnlyForDeploymentPostprocessing = 0;
		};
		23E5C3A82420DB8B00253A50 /* Resources */ = {
			isa = PBXResourcesBuildPhase;
			buildActionMask = 2147483647;
			files = (
			);
			runOnlyForDeploymentPostprocessing = 0;
		};
		23E5C3B32420DB8B00253A50 /* Resources */ = {
			isa = PBXResourcesBuildPhase;
			buildActionMask = 2147483647;
			files = (
			);
			runOnlyForDeploymentPostprocessing = 0;
		};
/* End PBXResourcesBuildPhase section */

/* Begin PBXSourcesBuildPhase section */
		23E5C3902420DB8000253A50 /* Sources */ = {
			isa = PBXSourcesBuildPhase;
			buildActionMask = 2147483647;
			files = (
				23E5C3C82420DDAF00253A50 /* BasicForm.swift in Sources */,
				23EB20212421BCCD006288C0 /* PickersInFormView.swift in Sources */,
				23E5C3982420DB8000253A50 /* AppDelegate.swift in Sources */,
				23E5C39A2420DB8000253A50 /* SceneDelegate.swift in Sources */,
				23EB20232421BF3C006288C0 /* EnablingAndDisablingInFormView.swift in Sources */,
				23E5C39C2420DB8000253A50 /* ContentView.swift in Sources */,
				23E5C3CA2420E44600253A50 /* SectionInForms.swift in Sources */,
			);
			runOnlyForDeploymentPostprocessing = 0;
		};
		23E5C3A62420DB8B00253A50 /* Sources */ = {
			isa = PBXSourcesBuildPhase;
			buildActionMask = 2147483647;
			files = (
				23E5C3AF2420DB8B00253A50 /* SwiftUIFormsTests.swift in Sources */,
			);
			runOnlyForDeploymentPostprocessing = 0;
		};
		23E5C3B12420DB8B00253A50 /* Sources */ = {
			isa = PBXSourcesBuildPhase;
			buildActionMask = 2147483647;
			files = (
				23E5C3BA2420DB8B00253A50 /* SwiftUIFormsUITests.swift in Sources */,
			);
			runOnlyForDeploymentPostprocessing = 0;
		};
/* End PBXSourcesBuildPhase section */

/* Begin PBXTargetDependency section */
		23E5C3AC2420DB8B00253A50 /* PBXTargetDependency */ = {
			isa = PBXTargetDependency;
			target = 23E5C3932420DB8000253A50 /* SwiftUIForms */;
			targetProxy = 23E5C3AB2420DB8B00253A50 /* PBXContainerItemProxy */;
		};
		23E5C3B72420DB8B00253A50 /* PBXTargetDependency */ = {
			isa = PBXTargetDependency;
			target = 23E5C3932420DB8000253A50 /* SwiftUIForms */;
			targetProxy = 23E5C3B62420DB8B00253A50 /* PBXContainerItemProxy */;
		};
/* End PBXTargetDependency section */

/* Begin PBXVariantGroup section */
		23E5C3A22420DB8B00253A50 /* LaunchScreen.storyboard */ = {
			isa = PBXVariantGroup;
			children = (
				23E5C3A32420DB8B00253A50 /* Base */,
			);
			name = LaunchScreen.storyboard;
			sourceTree = "<group>";
		};
/* End PBXVariantGroup section */

/* Begin XCBuildConfiguration section */
		23E5C3BC2420DB8B00253A50 /* Debug */ = {
			isa = XCBuildConfiguration;
			buildSettings = {
				ALWAYS_SEARCH_USER_PATHS = NO;
				CLANG_ANALYZER_NONNULL = YES;
				CLANG_ANALYZER_NUMBER_OBJECT_CONVERSION = YES_AGGRESSIVE;
				CLANG_CXX_LANGUAGE_STANDARD = "gnu++14";
				CLANG_CXX_LIBRARY = "libc++";
				CLANG_ENABLE_MODULES = YES;
				CLANG_ENABLE_OBJC_ARC = YES;
				CLANG_ENABLE_OBJC_WEAK = YES;
				CLANG_WARN_BLOCK_CAPTURE_AUTORELEASING = YES;
				CLANG_WARN_BOOL_CONVERSION = YES;
				CLANG_WARN_COMMA = YES;
				CLANG_WARN_CONSTANT_CONVERSION = YES;
				CLANG_WARN_DEPRECATED_OBJC_IMPLEMENTATIONS = YES;
				CLANG_WARN_DIRECT_OBJC_ISA_USAGE = YES_ERROR;
				CLANG_WARN_DOCUMENTATION_COMMENTS = YES;
				CLANG_WARN_EMPTY_BODY = YES;
				CLANG_WARN_ENUM_CONVERSION = YES;
				CLANG_WARN_INFINITE_RECURSION = YES;
				CLANG_WARN_INT_CONVERSION = YES;
				CLANG_WARN_NON_LITERAL_NULL_CONVERSION = YES;
				CLANG_WARN_OBJC_IMPLICIT_RETAIN_SELF = YES;
				CLANG_WARN_OBJC_LITERAL_CONVERSION = YES;
				CLANG_WARN_OBJC_ROOT_CLASS = YES_ERROR;
				CLANG_WARN_RANGE_LOOP_ANALYSIS = YES;
				CLANG_WARN_STRICT_PROTOTYPES = YES;
				CLANG_WARN_SUSPICIOUS_MOVE = YES;
				CLANG_WARN_UNGUARDED_AVAILABILITY = YES_AGGRESSIVE;
				CLANG_WARN_UNREACHABLE_CODE = YES;
				CLANG_WARN__DUPLICATE_METHOD_MATCH = YES;
				COPY_PHASE_STRIP = NO;
				DEBUG_INFORMATION_FORMAT = dwarf;
				ENABLE_STRICT_OBJC_MSGSEND = YES;
				ENABLE_TESTABILITY = YES;
				GCC_C_LANGUAGE_STANDARD = gnu11;
				GCC_DYNAMIC_NO_PIC = NO;
				GCC_NO_COMMON_BLOCKS = YES;
				GCC_OPTIMIZATION_LEVEL = 0;
				GCC_PREPROCESSOR_DEFINITIONS = (
					"DEBUG=1",
					"$(inherited)",
				);
				GCC_WARN_64_TO_32_BIT_CONVERSION = YES;
				GCC_WARN_ABOUT_RETURN_TYPE = YES_ERROR;
				GCC_WARN_UNDECLARED_SELECTOR = YES;
				GCC_WARN_UNINITIALIZED_AUTOS = YES_AGGRESSIVE;
				GCC_WARN_UNUSED_FUNCTION = YES;
				GCC_WARN_UNUSED_VARIABLE = YES;
				IPHONEOS_DEPLOYMENT_TARGET = 13.0;
				MTL_ENABLE_DEBUG_INFO = INCLUDE_SOURCE;
				MTL_FAST_MATH = YES;
				ONLY_ACTIVE_ARCH = YES;
				SDKROOT = iphoneos;
				SWIFT_ACTIVE_COMPILATION_CONDITIONS = DEBUG;
				SWIFT_OPTIMIZATION_LEVEL = "-Onone";
			};
			name = Debug;
		};
		23E5C3BD2420DB8B00253A50 /* Release */ = {
			isa = XCBuildConfiguration;
			buildSettings = {
				ALWAYS_SEARCH_USER_PATHS = NO;
				CLANG_ANALYZER_NONNULL = YES;
				CLANG_ANALYZER_NUMBER_OBJECT_CONVERSION = YES_AGGRESSIVE;
				CLANG_CXX_LANGUAGE_STANDARD = "gnu++14";
				CLANG_CXX_LIBRARY = "libc++";
				CLANG_ENABLE_MODULES = YES;
				CLANG_ENABLE_OBJC_ARC = YES;
				CLANG_ENABLE_OBJC_WEAK = YES;
				CLANG_WARN_BLOCK_CAPTURE_AUTORELEASING = YES;
				CLANG_WARN_BOOL_CONVERSION = YES;
				CLANG_WARN_COMMA = YES;
				CLANG_WARN_CONSTANT_CONVERSION = YES;
				CLANG_WARN_DEPRECATED_OBJC_IMPLEMENTATIONS = YES;
				CLANG_WARN_DIRECT_OBJC_ISA_USAGE = YES_ERROR;
				CLANG_WARN_DOCUMENTATION_COMMENTS = YES;
				CLANG_WARN_EMPTY_BODY = YES;
				CLANG_WARN_ENUM_CONVERSION = YES;
				CLANG_WARN_INFINITE_RECURSION = YES;
				CLANG_WARN_INT_CONVERSION = YES;
				CLANG_WARN_NON_LITERAL_NULL_CONVERSION = YES;
				CLANG_WARN_OBJC_IMPLICIT_RETAIN_SELF = YES;
				CLANG_WARN_OBJC_LITERAL_CONVERSION = YES;
				CLANG_WARN_OBJC_ROOT_CLASS = YES_ERROR;
				CLANG_WARN_RANGE_LOOP_ANALYSIS = YES;
				CLANG_WARN_STRICT_PROTOTYPES = YES;
				CLANG_WARN_SUSPICIOUS_MOVE = YES;
				CLANG_WARN_UNGUARDED_AVAILABILITY = YES_AGGRESSIVE;
				CLANG_WARN_UNREACHABLE_CODE = YES;
				CLANG_WARN__DUPLICATE_METHOD_MATCH = YES;
				COPY_PHASE_STRIP = NO;
				DEBUG_INFORMATION_FORMAT = "dwarf-with-dsym";
				ENABLE_NS_ASSERTIONS = NO;
				ENABLE_STRICT_OBJC_MSGSEND = YES;
				GCC_C_LANGUAGE_STANDARD = gnu11;
				GCC_NO_COMMON_BLOCKS = YES;
				GCC_WARN_64_TO_32_BIT_CONVERSION = YES;
				GCC_WARN_ABOUT_RETURN_TYPE = YES_ERROR;
				GCC_WARN_UNDECLARED_SELECTOR = YES;
				GCC_WARN_UNINITIALIZED_AUTOS = YES_AGGRESSIVE;
				GCC_WARN_UNUSED_FUNCTION = YES;
				GCC_WARN_UNUSED_VARIABLE = YES;
				IPHONEOS_DEPLOYMENT_TARGET = 13.0;
				MTL_ENABLE_DEBUG_INFO = NO;
				MTL_FAST_MATH = YES;
				SDKROOT = iphoneos;
				SWIFT_COMPILATION_MODE = wholemodule;
				SWIFT_OPTIMIZATION_LEVEL = "-O";
				VALIDATE_PRODUCT = YES;
			};
			name = Release;
		};
		23E5C3BF2420DB8B00253A50 /* Debug */ = {
			isa = XCBuildConfiguration;
			buildSettings = {
				ASSETCATALOG_COMPILER_APPICON_NAME = AppIcon;
				CODE_SIGN_STYLE = Automatic;
				DEVELOPMENT_ASSET_PATHS = "\"SwiftUIForms/Preview Content\"";
				ENABLE_PREVIEWS = YES;
				INFOPLIST_FILE = SwiftUIForms/Info.plist;
				LD_RUNPATH_SEARCH_PATHS = (
					"$(inherited)",
					"@executable_path/Frameworks",
				);
				PRODUCT_BUNDLE_IDENTIFIER = "nawsusunyein-gmail.com.SwiftUIForms";
				PRODUCT_NAME = "$(TARGET_NAME)";
				SWIFT_VERSION = 5.0;
				TARGETED_DEVICE_FAMILY = "1,2";
			};
			name = Debug;
		};
		23E5C3C02420DB8B00253A50 /* Release */ = {
			isa = XCBuildConfiguration;
			buildSettings = {
				ASSETCATALOG_COMPILER_APPICON_NAME = AppIcon;
				CODE_SIGN_STYLE = Automatic;
				DEVELOPMENT_ASSET_PATHS = "\"SwiftUIForms/Preview Content\"";
				ENABLE_PREVIEWS = YES;
				INFOPLIST_FILE = SwiftUIForms/Info.plist;
				LD_RUNPATH_SEARCH_PATHS = (
					"$(inherited)",
					"@executable_path/Frameworks",
				);
				PRODUCT_BUNDLE_IDENTIFIER = "nawsusunyein-gmail.com.SwiftUIForms";
				PRODUCT_NAME = "$(TARGET_NAME)";
				SWIFT_VERSION = 5.0;
				TARGETED_DEVICE_FAMILY = "1,2";
			};
			name = Release;
		};
		23E5C3C22420DB8B00253A50 /* Debug */ = {
			isa = XCBuildConfiguration;
			buildSettings = {
				ALWAYS_EMBED_SWIFT_STANDARD_LIBRARIES = YES;
				BUNDLE_LOADER = "$(TEST_HOST)";
				CODE_SIGN_STYLE = Automatic;
				INFOPLIST_FILE = SwiftUIFormsTests/Info.plist;
				IPHONEOS_DEPLOYMENT_TARGET = 13.0;
				LD_RUNPATH_SEARCH_PATHS = (
					"$(inherited)",
					"@executable_path/Frameworks",
					"@loader_path/Frameworks",
				);
				PRODUCT_BUNDLE_IDENTIFIER = "nawsusunyein-gmail.com.SwiftUIFormsTests";
				PRODUCT_NAME = "$(TARGET_NAME)";
				SWIFT_VERSION = 5.0;
				TARGETED_DEVICE_FAMILY = "1,2";
				TEST_HOST = "$(BUILT_PRODUCTS_DIR)/SwiftUIForms.app/SwiftUIForms";
			};
			name = Debug;
		};
		23E5C3C32420DB8B00253A50 /* Release */ = {
			isa = XCBuildConfiguration;
			buildSettings = {
				ALWAYS_EMBED_SWIFT_STANDARD_LIBRARIES = YES;
				BUNDLE_LOADER = "$(TEST_HOST)";
				CODE_SIGN_STYLE = Automatic;
				INFOPLIST_FILE = SwiftUIFormsTests/Info.plist;
				IPHONEOS_DEPLOYMENT_TARGET = 13.0;
				LD_RUNPATH_SEARCH_PATHS = (
					"$(inherited)",
					"@executable_path/Frameworks",
					"@loader_path/Frameworks",
				);
				PRODUCT_BUNDLE_IDENTIFIER = "nawsusunyein-gmail.com.SwiftUIFormsTests";
				PRODUCT_NAME = "$(TARGET_NAME)";
				SWIFT_VERSION = 5.0;
				TARGETED_DEVICE_FAMILY = "1,2";
				TEST_HOST = "$(BUILT_PRODUCTS_DIR)/SwiftUIForms.app/SwiftUIForms";
			};
			name = Release;
		};
		23E5C3C52420DB8B00253A50 /* Debug */ = {
			isa = XCBuildConfiguration;
			buildSettings = {
				ALWAYS_EMBED_SWIFT_STANDARD_LIBRARIES = YES;
				CODE_SIGN_STYLE = Automatic;
				INFOPLIST_FILE = SwiftUIFormsUITests/Info.plist;
				LD_RUNPATH_SEARCH_PATHS = (
					"$(inherited)",
					"@executable_path/Frameworks",
					"@loader_path/Frameworks",
				);
				PRODUCT_BUNDLE_IDENTIFIER = "nawsusunyein-gmail.com.SwiftUIFormsUITests";
				PRODUCT_NAME = "$(TARGET_NAME)";
				SWIFT_VERSION = 5.0;
				TARGETED_DEVICE_FAMILY = "1,2";
				TEST_TARGET_NAME = SwiftUIForms;
			};
			name = Debug;
		};
		23E5C3C62420DB8B00253A50 /* Release */ = {
			isa = XCBuildConfiguration;
			buildSettings = {
				ALWAYS_EMBED_SWIFT_STANDARD_LIBRARIES = YES;
				CODE_SIGN_STYLE = Automatic;
				INFOPLIST_FILE = SwiftUIFormsUITests/Info.plist;
				LD_RUNPATH_SEARCH_PATHS = (
					"$(inherited)",
					"@executable_path/Frameworks",
					"@loader_path/Frameworks",
				);
				PRODUCT_BUNDLE_IDENTIFIER = "nawsusunyein-gmail.com.SwiftUIFormsUITests";
				PRODUCT_NAME = "$(TARGET_NAME)";
				SWIFT_VERSION = 5.0;
				TARGETED_DEVICE_FAMILY = "1,2";
				TEST_TARGET_NAME = SwiftUIForms;
			};
			name = Release;
		};
/* End XCBuildConfiguration section */

/* Begin XCConfigurationList section */
		23E5C38F2420DB8000253A50 /* Build configuration list for PBXProject "SwiftUIForms" */ = {
			isa = XCConfigurationList;
			buildConfigurations = (
				23E5C3BC2420DB8B00253A50 /* Debug */,
				23E5C3BD2420DB8B00253A50 /* Release */,
			);
			defaultConfigurationIsVisible = 0;
			defaultConfigurationName = Release;
		};
		23E5C3BE2420DB8B00253A50 /* Build configuration list for PBXNativeTarget "SwiftUIForms" */ = {
			isa = XCConfigurationList;
			buildConfigurations = (
				23E5C3BF2420DB8B00253A50 /* Debug */,
				23E5C3C02420DB8B00253A50 /* Release */,
			);
			defaultConfigurationIsVisible = 0;
			defaultConfigurationName = Release;
		};
		23E5C3C12420DB8B00253A50 /* Build configuration list for PBXNativeTarget "SwiftUIFormsTests" */ = {
			isa = XCConfigurationList;
			buildConfigurations = (
				23E5C3C22420DB8B00253A50 /* Debug */,
				23E5C3C32420DB8B00253A50 /* Release */,
			);
			defaultConfigurationIsVisible = 0;
			defaultConfigurationName = Release;
		};
		23E5C3C42420DB8B00253A50 /* Build configuration list for PBXNativeTarget "SwiftUIFormsUITests" */ = {
			isa = XCConfigurationList;
			buildConfigurations = (
				23E5C3C52420DB8B00253A50 /* Debug */,
				23E5C3C62420DB8B00253A50 /* Release */,
			);
			defaultConfigurationIsVisible = 0;
			defaultConfigurationName = Release;
		};
/* End XCConfigurationList section */
	};
	rootObject = 23E5C38C2420DB8000253A50 /* Project object */;
}
